PODS:
  - CountryPickerSwift (1.7)

DEPENDENCIES:
  - CountryPickerSwift (from `../`)

EXTERNAL SOURCES:
  CountryPickerSwift:
    :path: ../

SPEC CHECKSUMS:
  CountryPickerSwift: bd8f11bb1af39e0348e71c584256e8f0af53dd03

PODFILE CHECKSUM: 8ce74047b5fc00e1746f5c660212d2e58313970a

COCOAPODS: 1.4.0
