PODS:
  - CountryPickerSwift (1.4.4)

DEPENDENCIES:
  - CountryPickerSwift (from `../`)

EXTERNAL SOURCES:
  CountryPickerSwift:
    :path: ../

SPEC CHECKSUMS:
  CountryPickerSwift: 00bdc937eb320fec9fdabb04befda6454458d94e

PODFILE CHECKSUM: d723b5011b7a7609a69686f941e3de18a743d4d9

COCOAPODS: 1.3.1
