// !$*UTF8*$!
{
	archiveVersion = 1;
	classes = {
	};
	objectVersion = 48;
	objects = {

/* Begin PBXBuildFile section */
		F3A09A4F1FE462530001EEBE /* AppDelegate.m in Sources */ = {isa = PBXBuildFile; fileRef = F3A09A4E1FE462530001EEBE /* AppDelegate.m */; };
		F3A09A521FE462530001EEBE /* ViewController.m in Sources */ = {isa = PBXBuildFile; fileRef = F3A09A511FE462530001EEBE /* ViewController.m */; };
		F3A09A551FE462530001EEBE /* Main.storyboard in Resources */ = {isa = PBXBuildFile; fileRef = F3A09A531FE462530001EEBE /* Main.storyboard */; };
		F3A09A571FE462530001EEBE /* Assets.xcassets in Resources */ = {isa = PBXBuildFile; fileRef = F3A09A561FE462530001EEBE /* Assets.xcassets */; };
		F3A09A5A1FE462530001EEBE /* LaunchScreen.storyboard in Resources */ = {isa = PBXBuildFile; fileRef = F3A09A581FE462530001EEBE /* LaunchScreen.storyboard */; };
		F3A09A5D1FE462530001EEBE /* main.m in Sources */ = {isa = PBXBuildFile; fileRef = F3A09A5C1FE462530001EEBE /* main.m */; };
/* End PBXBuildFile section */

/* Begin PBXFileReference section */
		F3A09A4A1FE462530001EEBE /* Example Objective-c.app */ = {isa = PBXFileReference; explicitFileType = wrapper.application; includeInIndex = 0; path = "Example Objective-c.app"; sourceTree = BUILT_PRODUCTS_DIR; };
		F3A09A4D1FE462530001EEBE /* AppDelegate.h */ = {isa = PBXFileReference; lastKnownFileType = sourcecode.c.h; path = AppDelegate.h; sourceTree = "<group>"; };
		F3A09A4E1FE462530001EEBE /* AppDelegate.m */ = {isa = PBXFileReference; lastKnownFileType = sourcecode.c.objc; path = AppDelegate.m; sourceTree = "<group>"; };
		F3A09A501FE462530001EEBE /* ViewController.h */ = {isa = PBXFileReference; lastKnownFileType = sourcecode.c.h; path = ViewController.h; sourceTree = "<group>"; };
		F3A09A511FE462530001EEBE /* ViewController.m */ = {isa = PBXFileReference; lastKnownFileType = sourcecode.c.objc; path = ViewController.m; sourceTree = "<group>"; };
		F3A09A541FE462530001EEBE /* Base */ = {isa = PBXFileReference; lastKnownFileType = file.storyboard; name = Base; path = Base.lproj/Main.storyboard; sourceTree = "<group>"; };
		F3A09A561FE462530001EEBE /* Assets.xcassets */ = {isa = PBXFileReference; lastKnownFileType = folder.assetcatalog; path = Assets.xcassets; sourceTree = "<group>"; };
		F3A09A591FE462530001EEBE /* Base */ = {isa = PBXFileReference; lastKnownFileType = file.storyboard; name = Base; path = Base.lproj/LaunchScreen.storyboard; sourceTree = "<group>"; };
		F3A09A5B1FE462530001EEBE /* Info.plist */ = {isa = PBXFileReference; lastKnownFileType = text.plist.xml; path = Info.plist; sourceTree = "<group>"; };
		F3A09A5C1FE462530001EEBE /* main.m */ = {isa = PBXFileReference; lastKnownFileType = sourcecode.c.objc; path = main.m; sourceTree = "<group>"; };
/* End PBXFileReference section */

/* Begin PBXFrameworksBuildPhase section */
		F3A09A471FE462530001EEBE /* Frameworks */ = {
			isa = PBXFrameworksBuildPhase;
			buildActionMask = 2147483647;
			files = (
			);
			runOnlyForDeploymentPostprocessing = 0;
		};
/* End PBXFrameworksBuildPhase section */

/* Begin PBXGroup section */
		F3A09A411FE462530001EEBE = {
			isa = PBXGroup;
			children = (
				F3A09A4C1FE462530001EEBE /* Example Objective-c */,
				F3A09A4B1FE462530001EEBE /* Products */,
			);
			sourceTree = "<group>";
		};
		F3A09A4B1FE462530001EEBE /* Products */ = {
			isa = PBXGroup;
			children = (
				F3A09A4A1FE462530001EEBE /* Example Objective-c.app */,
			);
			name = Products;
			sourceTree = "<group>";
		};
		F3A09A4C1FE462530001EEBE /* Example Objective-c */ = {
			isa = PBXGroup;
			children = (
				F3A09A4D1FE462530001EEBE /* AppDelegate.h */,
				F3A09A4E1FE462530001EEBE /* AppDelegate.m */,
				F3A09A501FE462530001EEBE /* ViewController.h */,
				F3A09A511FE462530001EEBE /* ViewController.m */,
				F3A09A531FE462530001EEBE /* Main.storyboard */,
				F3A09A561FE462530001EEBE /* Assets.xcassets */,
				F3A09A581FE462530001EEBE /* LaunchScreen.storyboard */,
				F3A09A5B1FE462530001EEBE /* Info.plist */,
				F3A09A5C1FE462530001EEBE /* main.m */,
			);
			path = "Example Objective-c";
			sourceTree = "<group>";
		};
/* End PBXGroup section */

/* Begin PBXNativeTarget section */
		F3A09A491FE462530001EEBE /* Example Objective-c */ = {
			isa = PBXNativeTarget;
			buildConfigurationList = F3A09A601FE462530001EEBE /* Build configuration list for PBXNativeTarget "Example Objective-c" */;
			buildPhases = (
				F3A09A461FE462530001EEBE /* Sources */,
				F3A09A471FE462530001EEBE /* Frameworks */,
				F3A09A481FE462530001EEBE /* Resources */,
			);
			buildRules = (
			);
			dependencies = (
			);
			name = "Example Objective-c";
			productName = "Example Objective-c";
			productReference = F3A09A4A1FE462530001EEBE /* Example Objective-c.app */;
			productType = "com.apple.product-type.application";
		};
/* End PBXNativeTarget section */

/* Begin PBXProject section */
		F3A09A421FE462530001EEBE /* Project object */ = {
			isa = PBXProject;
			attributes = {
				LastUpgradeCheck = 0920;
				ORGANIZATIONNAME = Taras;
				TargetAttributes = {
					F3A09A491FE462530001EEBE = {
						CreatedOnToolsVersion = 9.2;
						ProvisioningStyle = Automatic;
					};
				};
			};
			buildConfigurationList = F3A09A451FE462530001EEBE /* Build configuration list for PBXProject "Example Objective-c" */;
			compatibilityVersion = "Xcode 8.0";
			developmentRegion = en;
			hasScannedForEncodings = 0;
			knownRegions = (
				en,
				Base,
			);
			mainGroup = F3A09A411FE462530001EEBE;
			productRefGroup = F3A09A4B1FE462530001EEBE /* Products */;
			projectDirPath = "";
			projectRoot = "";
			targets = (
				F3A09A491FE462530001EEBE /* Example Objective-c */,
			);
		};
/* End PBXProject section */

/* Begin PBXResourcesBuildPhase section */
		F3A09A481FE462530001EEBE /* Resources */ = {
			isa = PBXResourcesBuildPhase;
			buildActionMask = 2147483647;
			files = (
				F3A09A5A1FE462530001EEBE /* LaunchScreen.storyboard in Resources */,
				F3A09A571FE462530001EEBE /* Assets.xcassets in Resources */,
				F3A09A551FE462530001EEBE /* Main.storyboard in Resources */,
			);
			runOnlyForDeploymentPostprocessing = 0;
		};
/* End PBXResourcesBuildPhase section */

/* Begin PBXSourcesBuildPhase section */
		F3A09A461FE462530001EEBE /* Sources */ = {
			isa = PBXSourcesBuildPhase;
			buildActionMask = 2147483647;
			files = (
				F3A09A521FE462530001EEBE /* ViewController.m in Sources */,
				F3A09A5D1FE462530001EEBE /* main.m in Sources */,
				F3A09A4F1FE462530001EEBE /* AppDelegate.m in Sources */,
			);
			runOnlyForDeploymentPostprocessing = 0;
		};
/* End PBXSourcesBuildPhase section */

/* Begin PBXVariantGroup section */
		F3A09A531FE462530001EEBE /* Main.storyboard */ = {
			isa = PBXVariantGroup;
			children = (
				F3A09A541FE462530001EEBE /* Base */,
			);
			name = Main.storyboard;
			sourceTree = "<group>";
		};
		F3A09A581FE462530001EEBE /* LaunchScreen.storyboard */ = {
			isa = PBXVariantGroup;
			children = (
				F3A09A591FE462530001EEBE /* Base */,
			);
			name = LaunchScreen.storyboard;
			sourceTree = "<group>";
		};
/* End PBXVariantGroup section */

/* Begin XCBuildConfiguration section */
		F3A09A5E1FE462530001EEBE /* Debug */ = {
			isa = XCBuildConfiguration;
			buildSettings = {
				ALWAYS_SEARCH_USER_PATHS = NO;
				CLANG_ANALYZER_NONNULL = YES;
				CLANG_ANALYZER_NUMBER_OBJECT_CONVERSION = YES_AGGRESSIVE;
				CLANG_CXX_LANGUAGE_STANDARD = "gnu++14";
				CLANG_CXX_LIBRARY = "libc++";
				CLANG_ENABLE_MODULES = YES;
				CLANG_ENABLE_OBJC_ARC = YES;
				CLANG_WARN_BLOCK_CAPTURE_AUTORELEASING = YES;
				CLANG_WARN_BOOL_CONVERSION = YES;
				CLANG_WARN_COMMA = YES;
				CLANG_WARN_CONSTANT_CONVERSION = YES;
				CLANG_WARN_DIRECT_OBJC_ISA_USAGE = YES_ERROR;
				CLANG_WARN_DOCUMENTATION_COMMENTS = YES;
				CLANG_WARN_EMPTY_BODY = YES;
				CLANG_WARN_ENUM_CONVERSION = YES;
				CLANG_WARN_INFINITE_RECURSION = YES;
				CLANG_WARN_INT_CONVERSION = YES;
				CLANG_WARN_NON_LITERAL_NULL_CONVERSION = YES;
				CLANG_WARN_OBJC_LITERAL_CONVERSION = YES;
				CLANG_WARN_OBJC_ROOT_CLASS = YES_ERROR;
				CLANG_WARN_RANGE_LOOP_ANALYSIS = YES;
				CLANG_WARN_STRICT_PROTOTYPES = YES;
				CLANG_WARN_SUSPICIOUS_MOVE = YES;
				CLANG_WARN_UNGUARDED_AVAILABILITY = YES_AGGRESSIVE;
				CLANG_WARN_UNREACHABLE_CODE = YES;
				CLANG_WARN__DUPLICATE_METHOD_MATCH = YES;
				CODE_SIGN_IDENTITY = "iPhone Developer";
				COPY_PHASE_STRIP = NO;
				DEBUG_INFORMATION_FORMAT = dwarf;
				ENABLE_STRICT_OBJC_MSGSEND = YES;
				ENABLE_TESTABILITY = YES;
				GCC_C_LANGUAGE_STANDARD = gnu11;
				GCC_DYNAMIC_NO_PIC = NO;
				GCC_NO_COMMON_BLOCKS = YES;
				GCC_OPTIMIZATION_LEVEL = 0;
				GCC_PREPROCESSOR_DEFINITIONS = (
					"DEBUG=1",
					"$(inherited)",
				);
				GCC_WARN_64_TO_32_BIT_CONVERSION = YES;
				GCC_WARN_ABOUT_RETURN_TYPE = YES_ERROR;
				GCC_WARN_UNDECLARED_SELECTOR = YES;
				GCC_WARN_UNINITIALIZED_AUTOS = YES_AGGRESSIVE;
				GCC_WARN_UNUSED_FUNCTION = YES;
				GCC_WARN_UNUSED_VARIABLE = YES;
				IPHONEOS_DEPLOYMENT_TARGET = 11.2;
				MTL_ENABLE_DEBUG_INFO = YES;
				ONLY_ACTIVE_ARCH = YES;
				SDKROOT = iphoneos;
			};
			name = Debug;
		};
		F3A09A5F1FE462530001EEBE /* Release */ = {
			isa = XCBuildConfiguration;
			buildSettings = {
				ALWAYS_SEARCH_USER_PATHS = NO;
				CLANG_ANALYZER_NONNULL = YES;
				CLANG_ANALYZER_NUMBER_OBJECT_CONVERSION = YES_AGGRESSIVE;
				CLANG_CXX_LANGUAGE_STANDARD = "gnu++14";
				CLANG_CXX_LIBRARY = "libc++";
				CLANG_ENABLE_MODULES = YES;
				CLANG_ENABLE_OBJC_ARC = YES;
				CLANG_WARN_BLOCK_CAPTURE_AUTORELEASING = YES;
				CLANG_WARN_BOOL_CONVERSION = YES;
				CLANG_WARN_COMMA = YES;
				CLANG_WARN_CONSTANT_CONVERSION = YES;
				CLANG_WARN_DIRECT_OBJC_ISA_USAGE = YES_ERROR;
				CLANG_WARN_DOCUMENTATION_COMMENTS = YES;
				CLANG_WARN_EMPTY_BODY = YES;
				CLANG_WARN_ENUM_CONVERSION = YES;
				CLANG_WARN_INFINITE_RECURSION = YES;
				CLANG_WARN_INT_CONVERSION = YES;
				CLANG_WARN_NON_LITERAL_NULL_CONVERSION = YES;
				CLANG_WARN_OBJC_LITERAL_CONVERSION = YES;
				CLANG_WARN_OBJC_ROOT_CLASS = YES_ERROR;
				CLANG_WARN_RANGE_LOOP_ANALYSIS = YES;
				CLANG_WARN_STRICT_PROTOTYPES = YES;
				CLANG_WARN_SUSPICIOUS_MOVE = YES;
				CLANG_WARN_UNGUARDED_AVAILABILITY = YES_AGGRESSIVE;
				CLANG_WARN_UNREACHABLE_CODE = YES;
				CLANG_WARN__DUPLICATE_METHOD_MATCH = YES;
				CODE_SIGN_IDENTITY = "iPhone Developer";
				COPY_PHASE_STRIP = NO;
				DEBUG_INFORMATION_FORMAT = "dwarf-with-dsym";
				ENABLE_NS_ASSERTIONS = NO;
				ENABLE_STRICT_OBJC_MSGSEND = YES;
				GCC_C_LANGUAGE_STANDARD = gnu11;
				GCC_NO_COMMON_BLOCKS = YES;
				GCC_WARN_64_TO_32_BIT_CONVERSION = YES;
				GCC_WARN_ABOUT_RETURN_TYPE = YES_ERROR;
				GCC_WARN_UNDECLARED_SELECTOR = YES;
				GCC_WARN_UNINITIALIZED_AUTOS = YES_AGGRESSIVE;
				GCC_WARN_UNUSED_FUNCTION = YES;
				GCC_WARN_UNUSED_VARIABLE = YES;
				IPHONEOS_DEPLOYMENT_TARGET = 11.2;
				MTL_ENABLE_DEBUG_INFO = NO;
				SDKROOT = iphoneos;
				VALIDATE_PRODUCT = YES;
			};
			name = Release;
		};
		F3A09A611FE462530001EEBE /* Debug */ = {
			isa = XCBuildConfiguration;
			buildSettings = {
				ASSETCATALOG_COMPILER_APPICON_NAME = AppIcon;
				CODE_SIGN_STYLE = Automatic;
				DEVELOPMENT_TEAM = GA56SWJ3YH;
				INFOPLIST_FILE = "Example Objective-c/Info.plist";
				LD_RUNPATH_SEARCH_PATHS = "$(inherited) @executable_path/Frameworks";
				PRODUCT_BUNDLE_IDENTIFIER = "tarik.Example-Objective-c";
				PRODUCT_NAME = "$(TARGET_NAME)";
				TARGETED_DEVICE_FAMILY = "1,2";
			};
			name = Debug;
		};
		F3A09A621FE462530001EEBE /* Release */ = {
			isa = XCBuildConfiguration;
			buildSettings = {
				ASSETCATALOG_COMPILER_APPICON_NAME = AppIcon;
				CODE_SIGN_STYLE = Automatic;
				DEVELOPMENT_TEAM = GA56SWJ3YH;
				INFOPLIST_FILE = "Example Objective-c/Info.plist";
				LD_RUNPATH_SEARCH_PATHS = "$(inherited) @executable_path/Frameworks";
				PRODUCT_BUNDLE_IDENTIFIER = "tarik.Example-Objective-c";
				PRODUCT_NAME = "$(TARGET_NAME)";
				TARGETED_DEVICE_FAMILY = "1,2";
			};
			name = Release;
		};
/* End XCBuildConfiguration section */

/* Begin XCConfigurationList section */
		F3A09A451FE462530001EEBE /* Build configuration list for PBXProject "Example Objective-c" */ = {
			isa = XCConfigurationList;
			buildConfigurations = (
				F3A09A5E1FE462530001EEBE /* Debug */,
				F3A09A5F1FE462530001EEBE /* Release */,
			);
			defaultConfigurationIsVisible = 0;
			defaultConfigurationName = Release;
		};
		F3A09A601FE462530001EEBE /* Build configuration list for PBXNativeTarget "Example Objective-c" */ = {
			isa = XCConfigurationList;
			buildConfigurations = (
				F3A09A611FE462530001EEBE /* Debug */,
				F3A09A621FE462530001EEBE /* Release */,
			);
			defaultConfigurationIsVisible = 0;
			defaultConfigurationName = Release;
		};
/* End XCConfigurationList section */
	};
	rootObject = F3A09A421FE462530001EEBE /* Project object */;
}
